
Microsoft Visual Studio Solution File, Format Version 12.00
# Visual Studio Version 17
VisualStudioVersion = 17.9.34622.214
MinimumVisualStudioVersion = 10.0.40219.1
Project("{FAE04EC0-301F-11D3-BF4B-00C04F79EFBC}") = "prueba_azure", "prueba_azure.csproj", "{449BA7EE-A1A9-4781-8B77-BF6BACC47651}"
EndProject
Global
	GlobalSection(SolutionConfigurationPlatforms) = preSolution
		Debug|Any CPU = Debug|Any CPU
		Release|Any CPU = Release|Any CPU
	EndGlobalSection
	GlobalSection(ProjectConfigurationPlatforms) = postSolution
		{449BA7EE-A1A9-4781-8B77-BF6BACC47651}.Debug|Any CPU.ActiveCfg = Debug|Any CPU
		{449BA7EE-A1A9-4781-8B77-BF6BACC47651}.Debug|Any CPU.Build.0 = Debug|Any CPU
		{449BA7EE-A1A9-4781-8B77-BF6BACC47651}.Release|Any CPU.ActiveCfg = Release|Any CPU
		{449BA7EE-A1A9-4781-8B77-BF6BACC47651}.Release|Any CPU.Build.0 = Release|Any CPU
	EndGlobalSection
	GlobalSection(SolutionProperties) = preSolution
		HideSolutionNode = FALSE
	EndGlobalSection
	GlobalSection(ExtensibilityGlobals) = postSolution
		SolutionGuid = {2DA006B0-2C2E-4D60-A7D1-E24603199D33}
	EndGlobalSection
EndGlobal
